
Microsoft Visual Studio Solution File, Format Version 12.00
# Visual Studio Version 17
VisualStudioVersion = 17.9.34902.65
MinimumVisualStudioVersion = 10.0.40219.1
Project("{FAE04EC0-301F-11D3-BF4B-00C04F79EFBC}") = "AnimalsProject", "Animals\AnimalsProject.csproj", "{8C0A5F2C-CE8B-4909-BF3F-0A58975F740E}"
EndProject
Global
	GlobalSection(SolutionConfigurationPlatforms) = preSolution
		Debug|Any CPU = Debug|Any CPU
		Release|Any CPU = Release|Any CPU
	EndGlobalSection
	GlobalSection(ProjectConfigurationPlatforms) = postSolution
		{8C0A5F2C-CE8B-4909-BF3F-0A58975F740E}.Debug|Any CPU.ActiveCfg = Debug|Any CPU
		{8C0A5F2C-CE8B-4909-BF3F-0A58975F740E}.Debug|Any CPU.Build.0 = Debug|Any CPU
		{8C0A5F2C-CE8B-4909-BF3F-0A58975F740E}.Release|Any CPU.ActiveCfg = Release|Any CPU
		{8C0A5F2C-CE8B-4909-BF3F-0A58975F740E}.Release|Any CPU.Build.0 = Release|Any CPU
	EndGlobalSection
	GlobalSection(SolutionProperties) = preSolution
		HideSolutionNode = FALSE
	EndGlobalSection
	GlobalSection(ExtensibilityGlobals) = postSolution
		SolutionGuid = {83FEA6B9-36DB-437A-8DF1-94CF4B763D75}
	EndGlobalSection
EndGlobal
